github.com/Herrscherd/herrscher-contracts v0.2.13 h1:ivPj30k3sqANuS+aTwK17AtWV5nBZyWHdL3MJXIjwcg=
github.com/Herrscherd/herrscher-contracts v0.2.13/go.mod h1:LM6PwTwJwF4+uVjeqIGFhWZOaQbLPtUxyhjD9ji+NmI=
github.com/Herrscherd/herrscher-orchestrator v0.1.4 h1:S0re6g7UxdCKY515oYjqSx1M+IuLyPpRAI0vlVg6pv4=
github.com/Herrscherd/herrscher-orchestrator v0.1.4/go.mod h1:apnaYEev+VzVAcVPzET5OCIAYtzIanO77NOidpCBVHo=
